
Microsoft Visual Studio Solution File, Format Version 12.00
# Visual Studio Version 17
VisualStudioVersion = 17.5.33424.131
MinimumVisualStudioVersion = 10.0.40219.1
Project("{FAE04EC0-301F-11D3-BF4B-00C04F79EFBC}") = "PW5", "PW5\PW5.csproj", "{97BA99CB-5C20-470D-BE80-41299D52479F}"
EndProject
Project("{FAE04EC0-301F-11D3-BF4B-00C04F79EFBC}") = "PW5_2", "PW5_2\PW5_2.csproj", "{2BECCC2E-2A52-4D4A-88B3-C67EEC073646}"
EndProject
Global
	GlobalSection(SolutionConfigurationPlatforms) = preSolution
		Debug|Any CPU = Debug|Any CPU
		Release|Any CPU = Release|Any CPU
	EndGlobalSection
	GlobalSection(ProjectConfigurationPlatforms) = postSolution
		{97BA99CB-5C20-470D-BE80-41299D52479F}.Debug|Any CPU.ActiveCfg = Debug|Any CPU
		{97BA99CB-5C20-470D-BE80-41299D52479F}.Debug|Any CPU.Build.0 = Debug|Any CPU
		{97BA99CB-5C20-470D-BE80-41299D52479F}.Release|Any CPU.ActiveCfg = Release|Any CPU
		{97BA99CB-5C20-470D-BE80-41299D52479F}.Release|Any CPU.Build.0 = Release|Any CPU
		{2BECCC2E-2A52-4D4A-88B3-C67EEC073646}.Debug|Any CPU.ActiveCfg = Debug|Any CPU
		{2BECCC2E-2A52-4D4A-88B3-C67EEC073646}.Debug|Any CPU.Build.0 = Debug|Any CPU
		{2BECCC2E-2A52-4D4A-88B3-C67EEC073646}.Release|Any CPU.ActiveCfg = Release|Any CPU
		{2BECCC2E-2A52-4D4A-88B3-C67EEC073646}.Release|Any CPU.Build.0 = Release|Any CPU
	EndGlobalSection
	GlobalSection(SolutionProperties) = preSolution
		HideSolutionNode = FALSE
	EndGlobalSection
	GlobalSection(ExtensibilityGlobals) = postSolution
		SolutionGuid = {E1B28951-F186-4455-9EC4-AE32E3281A0B}
	EndGlobalSection
EndGlobal
