
Microsoft Visual Studio Solution File, Format Version 12.00
# Visual Studio Version 17
VisualStudioVersion = 17.5.33424.131
MinimumVisualStudioVersion = 10.0.40219.1
Project("{FAE04EC0-301F-11D3-BF4B-00C04F79EFBC}") = "PW3_1", "PW3_1\PW3_1.csproj", "{3575FB0A-625C-4559-AF5F-68DDA7B99692}"
EndProject
Global
	GlobalSection(SolutionConfigurationPlatforms) = preSolution
		Debug|Any CPU = Debug|Any CPU
		Release|Any CPU = Release|Any CPU
	EndGlobalSection
	GlobalSection(ProjectConfigurationPlatforms) = postSolution
		{3575FB0A-625C-4559-AF5F-68DDA7B99692}.Debug|Any CPU.ActiveCfg = Debug|Any CPU
		{3575FB0A-625C-4559-AF5F-68DDA7B99692}.Debug|Any CPU.Build.0 = Debug|Any CPU
		{3575FB0A-625C-4559-AF5F-68DDA7B99692}.Release|Any CPU.ActiveCfg = Release|Any CPU
		{3575FB0A-625C-4559-AF5F-68DDA7B99692}.Release|Any CPU.Build.0 = Release|Any CPU
	EndGlobalSection
	GlobalSection(SolutionProperties) = preSolution
		HideSolutionNode = FALSE
	EndGlobalSection
	GlobalSection(ExtensibilityGlobals) = postSolution
		SolutionGuid = {EEAF42B2-8CAF-485C-89D5-F38D3F2A1A8C}
	EndGlobalSection
EndGlobal
