
Microsoft Visual Studio Solution File, Format Version 12.00
# Visual Studio Version 17
VisualStudioVersion = 17.5.33424.131
MinimumVisualStudioVersion = 10.0.40219.1
Project("{FAE04EC0-301F-11D3-BF4B-00C04F79EFBC}") = "PW3.10.2", "PW3.10.2\PW3.10.2.csproj", "{7157DED1-4FB0-4892-9163-8DA40134C2BE}"
EndProject
Global
	GlobalSection(SolutionConfigurationPlatforms) = preSolution
		Debug|Any CPU = Debug|Any CPU
		Release|Any CPU = Release|Any CPU
	EndGlobalSection
	GlobalSection(ProjectConfigurationPlatforms) = postSolution
		{7157DED1-4FB0-4892-9163-8DA40134C2BE}.Debug|Any CPU.ActiveCfg = Debug|Any CPU
		{7157DED1-4FB0-4892-9163-8DA40134C2BE}.Debug|Any CPU.Build.0 = Debug|Any CPU
		{7157DED1-4FB0-4892-9163-8DA40134C2BE}.Release|Any CPU.ActiveCfg = Release|Any CPU
		{7157DED1-4FB0-4892-9163-8DA40134C2BE}.Release|Any CPU.Build.0 = Release|Any CPU
	EndGlobalSection
	GlobalSection(SolutionProperties) = preSolution
		HideSolutionNode = FALSE
	EndGlobalSection
	GlobalSection(ExtensibilityGlobals) = postSolution
		SolutionGuid = {A2F731A9-11E2-48B2-ABD4-7C54204D0BB3}
	EndGlobalSection
EndGlobal
